
Microsoft Visual Studio Solution File, Format Version 12.00
# Visual Studio Version 16
VisualStudioVersion = 16.0.30503.244
MinimumVisualStudioVersion = 10.0.40219.1
Project("{FAE04EC0-301F-11D3-BF4B-00C04F79EFBC}") = "PROG20_Csharp_6_DemoGithub", "PROG20_Csharp_6_DemoGithub\PROG20_Csharp_6_DemoGithub.csproj", "{7E2F5284-22F1-45A1-9899-1544F8E6D1E9}"
EndProject
Global
	GlobalSection(SolutionConfigurationPlatforms) = preSolution
		Debug|Any CPU = Debug|Any CPU
		Release|Any CPU = Release|Any CPU
	EndGlobalSection
	GlobalSection(ProjectConfigurationPlatforms) = postSolution
		{7E2F5284-22F1-45A1-9899-1544F8E6D1E9}.Debug|Any CPU.ActiveCfg = Debug|Any CPU
		{7E2F5284-22F1-45A1-9899-1544F8E6D1E9}.Debug|Any CPU.Build.0 = Debug|Any CPU
		{7E2F5284-22F1-45A1-9899-1544F8E6D1E9}.Release|Any CPU.ActiveCfg = Release|Any CPU
		{7E2F5284-22F1-45A1-9899-1544F8E6D1E9}.Release|Any CPU.Build.0 = Release|Any CPU
	EndGlobalSection
	GlobalSection(SolutionProperties) = preSolution
		HideSolutionNode = FALSE
	EndGlobalSection
	GlobalSection(ExtensibilityGlobals) = postSolution
		SolutionGuid = {17EBAE4B-5BAB-4F32-9E89-DD08ED2BC5D1}
	EndGlobalSection
EndGlobal
